
Microsoft Visual Studio Solution File, Format Version 12.00
# Visual Studio Version 17
VisualStudioVersion = 17.5.33516.290
MinimumVisualStudioVersion = 10.0.40219.1
Project("{9A19103F-16F7-4668-BE54-9A1E7A4F7556}") = "IL.AttributeBasedDI", "Code\IL.AttributeBasedDI\IL.AttributeBasedDI.csproj", "{C36F6F28-F991-441C-BED5-028BA2353A46}"
EndProject
Project("{FAE04EC0-301F-11D3-BF4B-00C04F79EFBC}") = "IL.AttributeBasedDI.Analyzer", "Code\IL.AttributeBasedDI.Analyzer\IL.AttributeBasedDI.Analyzer.csproj", "{DACA1F0F-B848-4BDC-B703-D6BC78B33FA3}"
EndProject
Project("{9A19103F-16F7-4668-BE54-9A1E7A4F7556}") = "IL.AttributeBasedDI.Tests", "Tests\IL.AttributeBasedDI.Tests.csproj", "{D3C8E3D6-28DA-42F8-B186-C28C11784D1D}"
EndProject
Global
	GlobalSection(SolutionConfigurationPlatforms) = preSolution
		Debug|Any CPU = Debug|Any CPU
		Release|Any CPU = Release|Any CPU
	EndGlobalSection
	GlobalSection(ProjectConfigurationPlatforms) = postSolution
		{C36F6F28-F991-441C-BED5-028BA2353A46}.Debug|Any CPU.ActiveCfg = Debug|Any CPU
		{C36F6F28-F991-441C-BED5-028BA2353A46}.Debug|Any CPU.Build.0 = Debug|Any CPU
		{C36F6F28-F991-441C-BED5-028BA2353A46}.Release|Any CPU.ActiveCfg = Release|Any CPU
		{C36F6F28-F991-441C-BED5-028BA2353A46}.Release|Any CPU.Build.0 = Release|Any CPU
		{D3C8E3D6-28DA-42F8-B186-C28C11784D1D}.Debug|Any CPU.ActiveCfg = Debug|Any CPU
		{D3C8E3D6-28DA-42F8-B186-C28C11784D1D}.Debug|Any CPU.Build.0 = Debug|Any CPU
		{D3C8E3D6-28DA-42F8-B186-C28C11784D1D}.Release|Any CPU.ActiveCfg = Release|Any CPU
		{D3C8E3D6-28DA-42F8-B186-C28C11784D1D}.Release|Any CPU.Build.0 = Release|Any CPU
		{DACA1F0F-B848-4BDC-B703-D6BC78B33FA3}.Debug|Any CPU.ActiveCfg = Debug|Any CPU
		{DACA1F0F-B848-4BDC-B703-D6BC78B33FA3}.Debug|Any CPU.Build.0 = Debug|Any CPU
		{DACA1F0F-B848-4BDC-B703-D6BC78B33FA3}.Release|Any CPU.ActiveCfg = Release|Any CPU
		{DACA1F0F-B848-4BDC-B703-D6BC78B33FA3}.Release|Any CPU.Build.0 = Release|Any CPU
	EndGlobalSection
	GlobalSection(SolutionProperties) = preSolution
		HideSolutionNode = FALSE
	EndGlobalSection
	GlobalSection(ExtensibilityGlobals) = postSolution
		SolutionGuid = {04BCB643-7F26-48E3-986A-6A6AA01586DE}
	EndGlobalSection
EndGlobal
