<Solution>
  <Folder Name="/Solution Items/">
    <File Path="Code\Directory.Build.props" />
  </Folder>
  <Project Path="Code/IL.AttributeBasedDI.Analyzer/IL.AttributeBasedDI.Analyzer.csproj" />
  <Project Path="Code/IL.AttributeBasedDI/IL.AttributeBasedDI.csproj" />
<!--  <Project Path="Code/IL.AttributeBasedDI.Visualizer/IL.AttributeBasedDI.Visualizer.csproj" />-->
  <Project Path="Tests/IL.AttributeBasedDI.Tests.csproj" />
</Solution>